# This file is automatically @generated by Poetry 1.8.4 and should not be changed by hand.

[[package]]
name = "mlregistry"
version = "1.0.0"
description = "Register, retrieve and get metadata from machine learning models."
optional = false
python-versions = "<4.0,>=3.12"
files = [
    {file = "mlregistry-1.0.0-py3-none-any.whl", hash = "sha256:dde08ccaec4c63d9c7f0684c6ee9c23e319bd4a2de8b6b58fe6aa7e18435bd84"},
    {file = "mlregistry-1.0.0.tar.gz", hash = "sha256:c2ad0a0f8d9bcafa54f129c54e2f52b06c57fa3f5daa7cce07dfc4307943f230"},
]

[[package]]
name = "pybondi"
version = "0.2.3"
description = "A lightweight library for creating event driven systems using domain driven design."
optional = false
python-versions = "<4.0,>=3.12"
files = [
    {file = "pybondi-0.2.3-py3-none-any.whl", hash = "sha256:c3a07aeb95373967d4c89880f247fb66e29e8bd3c2b73f8707b30b09c43de9ad"},
    {file = "pybondi-0.2.3.tar.gz", hash = "sha256:70482eec0823c53fa3a9770e53d638c55d97aeb7bd2c442d2be4bf594a10f5a5"},
]

[metadata]
lock-version = "2.0"
python-versions = "^3.12"
content-hash = "e03d3b2056e60c365c682dc32ce70b43f1573483769d155886ad9e3baac0cf87"
