# This file is automatically @generated by Poetry 1.8.4 and should not be changed by hand.

[[package]]
name = "mlregistry"
version = "1.0.2"
description = "Register, retrieve and get metadata from machine learning models."
optional = false
python-versions = "<4.0,>=3.12"
files = [
    {file = "mlregistry-1.0.2-py3-none-any.whl", hash = "sha256:d6a1afc81ec90bc644cdbe169af292a32da5592343c3cb84fb1f91c6476eca37"},
    {file = "mlregistry-1.0.2.tar.gz", hash = "sha256:5b5f6378e6564a8e8fead6031fb429003a652541ca9ec2f7de633d8f9e3b7951"},
]

[[package]]
name = "pybondi"
version = "0.3.0"
description = "A lightweight library for creating event driven systems using domain driven design."
optional = false
python-versions = "<4.0,>=3.12"
files = [
    {file = "pybondi-0.3.0-py3-none-any.whl", hash = "sha256:723ad8760416711588da638037bbad464121c2afeda39ecdfe1437e137e79556"},
    {file = "pybondi-0.3.0.tar.gz", hash = "sha256:d387c07fcb91d4d574c8b32becd075f6e8e94b3a408634e71ada7a62bdb90fb9"},
]

[metadata]
lock-version = "2.0"
python-versions = "^3.12"
content-hash = "16f7b1b01b4e27d75c587b2f277d77c403cbce25b68b638cf32eec1f6cf44ed6"
